
Microsoft Visual Studio Solution File, Format Version 12.00
Project("{FAE04EC0-301F-11D3-BF4B-00C04F79EFBC}") = "Ru.Kassa", "Ru.Kassa\Ru.Kassa.csproj", "{14794B7B-F703-4F81-AEF5-C3E9A7BA1533}"
EndProject
Global
	GlobalSection(SolutionConfigurationPlatforms) = preSolution
		Debug|Any CPU = Debug|Any CPU
		Release|Any CPU = Release|Any CPU
	EndGlobalSection
	GlobalSection(ProjectConfigurationPlatforms) = postSolution
		{14794B7B-F703-4F81-AEF5-C3E9A7BA1533}.Debug|Any CPU.ActiveCfg = Debug|Any CPU
		{14794B7B-F703-4F81-AEF5-C3E9A7BA1533}.Debug|Any CPU.Build.0 = Debug|Any CPU
		{14794B7B-F703-4F81-AEF5-C3E9A7BA1533}.Release|Any CPU.ActiveCfg = Release|Any CPU
		{14794B7B-F703-4F81-AEF5-C3E9A7BA1533}.Release|Any CPU.Build.0 = Release|Any CPU
	EndGlobalSection
EndGlobal
